
Microsoft Visual Studio Solution File, Format Version 12.00
# Visual Studio Version 17
VisualStudioVersion = 17.11.35312.102
MinimumVisualStudioVersion = 10.0.40219.1
Project("{FAE04EC0-301F-11D3-BF4B-00C04F79EFBC}") = "FactoryApplication", "FactoryApplication\FactoryApplication.csproj", "{57995D58-E7A6-4F6C-BBB5-176A6B964862}"
EndProject
Global
	GlobalSection(SolutionConfigurationPlatforms) = preSolution
		Debug|Any CPU = Debug|Any CPU
		Release|Any CPU = Release|Any CPU
	EndGlobalSection
	GlobalSection(ProjectConfigurationPlatforms) = postSolution
		{57995D58-E7A6-4F6C-BBB5-176A6B964862}.Debug|Any CPU.ActiveCfg = Debug|Any CPU
		{57995D58-E7A6-4F6C-BBB5-176A6B964862}.Debug|Any CPU.Build.0 = Debug|Any CPU
		{57995D58-E7A6-4F6C-BBB5-176A6B964862}.Release|Any CPU.ActiveCfg = Release|Any CPU
		{57995D58-E7A6-4F6C-BBB5-176A6B964862}.Release|Any CPU.Build.0 = Release|Any CPU
	EndGlobalSection
	GlobalSection(SolutionProperties) = preSolution
		HideSolutionNode = FALSE
	EndGlobalSection
	GlobalSection(ExtensibilityGlobals) = postSolution
		SolutionGuid = {2A9D2090-FD97-44DE-A456-057C1416DFDE}
	EndGlobalSection
EndGlobal
