
Microsoft Visual Studio Solution File, Format Version 12.00
Project("{FAE04EC0-301F-11D3-BF4B-00C04F79EFBC}") = "FactoryApplication", "FactoryApplication\FactoryApplication.csproj", "{E1193828-7277-41A2-84B7-EB063DAC4119}"
EndProject
Global
	GlobalSection(SolutionConfigurationPlatforms) = preSolution
		Debug|Any CPU = Debug|Any CPU
		Release|Any CPU = Release|Any CPU
	EndGlobalSection
	GlobalSection(ProjectConfigurationPlatforms) = postSolution
		{E1193828-7277-41A2-84B7-EB063DAC4119}.Debug|Any CPU.ActiveCfg = Debug|Any CPU
		{E1193828-7277-41A2-84B7-EB063DAC4119}.Debug|Any CPU.Build.0 = Debug|Any CPU
		{E1193828-7277-41A2-84B7-EB063DAC4119}.Release|Any CPU.ActiveCfg = Release|Any CPU
		{E1193828-7277-41A2-84B7-EB063DAC4119}.Release|Any CPU.Build.0 = Release|Any CPU
	EndGlobalSection
EndGlobal
